<Solution>
  <Project Path="InductionMotorLib/InductionMotorSimLib.csproj" />
  <Project Path="IndustrialSimLib/IndustrialSimLib.csproj" />
  <Project Path="ThreePhaseSupplySimLib/ThreePhaseSupplySimLib.csproj" Id="dd9a9652-ef8a-46ee-bfcc-0fc29f110cd9" />
  <Project Path="VFDSimApp/VFDSimApp.csproj" />
  <Project Path="VFDSimLib/VFDSimLib.csproj" />
</Solution>
