<Solution>
  <Folder Name="/Core/">
    <Project Path="IndustrialSimLib/IndustrialSimLib.csproj" />
  </Folder>
  <Folder Name="/Devices/">
    <Project Path="InductionMotorLib/InductionMotorSimLib.csproj" />
    <Project Path="PackageSimLib/PackageSimLib.csproj" />
    <Project Path="ThreePhaseSupplySimLib/ThreePhaseSupplySimLib.csproj" />
    <Project Path="VFDSimLib/VFDSimLib.csproj" />
  </Folder>
  <Folder Name="/Machines/">
    <Project Path="ConveyorSimLib/ConveyorSimLib.csproj" />
  </Folder>
  <Folder Name="/Protocols/">
    <Project Path="ConsoleDashboardLib/ConsoleDashboardLib.csproj" />
    <Project Path="MqttServerLib/MqttServerLib.csproj" />
    <Project Path="OpcUaServerLib/OpcUaServerLib.csproj" />
  </Folder>
  <Folder Name="/Applications/">
    <Project Path="ForgeSimApp/ForgeSimApp.csproj" />
  </Folder>
  <Folder Name="/Tests/">
    <Project Path="ForgeDataGatewayTests/ForgeDataGatewayTests.csproj" />
    <Project Path="IndustrialSim.Tests/IndustrialSim.Tests/IndustrialSim.Tests.csproj" />
  </Folder>
  <Folder Name="/ForgeDataGateway/Core/">
    <Project Path="ForgeDataGatewayCore/ForgeDataGatewayCore.csproj" />
  </Folder>
  <Folder Name="/ForgeDataGateway/" />
  <Folder Name="/ForgeDataGateway/Applications/">
    <Project Path="ForgeDataGatewayApp/ForgeDataGatewayApp.csproj" />
    <Project Path="ForgeDataGatewayCli/ForgeDataGatewayCli.csproj" />
  </Folder>
</Solution>
